
Microsoft Visual Studio Solution File, Format Version 12.00
# Visual Studio Version 17
VisualStudioVersion = 17.6.33829.357
MinimumVisualStudioVersion = 10.0.40219.1
Project("{9A19103F-16F7-4668-BE54-9A1E7A4F7556}") = "TemplatesDelegatesEvents", "TemplatesDelegatesEvents.csproj", "{45EE680E-6565-4BDE-8791-06618CA5D0AE}"
EndProject
Project("{FAE04EC0-301F-11D3-BF4B-00C04F79EFBC}") = "TemplatesDelegatesEventsTests", "..\TemplatesDelegatesEventsTests\TemplatesDelegatesEventsTests.csproj", "{FC4DC0FA-34CA-43CF-90D3-BDE9575247AB}"
EndProject
Global
	GlobalSection(SolutionConfigurationPlatforms) = preSolution
		Debug|Any CPU = Debug|Any CPU
		Release|Any CPU = Release|Any CPU
	EndGlobalSection
	GlobalSection(ProjectConfigurationPlatforms) = postSolution
		{45EE680E-6565-4BDE-8791-06618CA5D0AE}.Debug|Any CPU.ActiveCfg = Debug|Any CPU
		{45EE680E-6565-4BDE-8791-06618CA5D0AE}.Debug|Any CPU.Build.0 = Debug|Any CPU
		{45EE680E-6565-4BDE-8791-06618CA5D0AE}.Release|Any CPU.ActiveCfg = Release|Any CPU
		{45EE680E-6565-4BDE-8791-06618CA5D0AE}.Release|Any CPU.Build.0 = Release|Any CPU
		{FC4DC0FA-34CA-43CF-90D3-BDE9575247AB}.Debug|Any CPU.ActiveCfg = Debug|Any CPU
		{FC4DC0FA-34CA-43CF-90D3-BDE9575247AB}.Debug|Any CPU.Build.0 = Debug|Any CPU
		{FC4DC0FA-34CA-43CF-90D3-BDE9575247AB}.Release|Any CPU.ActiveCfg = Release|Any CPU
		{FC4DC0FA-34CA-43CF-90D3-BDE9575247AB}.Release|Any CPU.Build.0 = Release|Any CPU
	EndGlobalSection
	GlobalSection(SolutionProperties) = preSolution
		HideSolutionNode = FALSE
	EndGlobalSection
	GlobalSection(ExtensibilityGlobals) = postSolution
		SolutionGuid = {A891B29D-9922-4108-A80B-3C31AF51BFDE}
	EndGlobalSection
EndGlobal
