
Microsoft Visual Studio Solution File, Format Version 12.00
# Visual Studio Version 17
VisualStudioVersion = 17.8.34511.84
MinimumVisualStudioVersion = 10.0.40219.1
Project("{9A19103F-16F7-4668-BE54-9A1E7A4F7556}") = "NET02.4", "NET02.4.csproj", "{62B16375-BA32-40DC-8693-0532566C5138}"
EndProject
Project("{9A19103F-16F7-4668-BE54-9A1E7A4F7556}") = "NET02.4.Tests", "NET02.4.Tests\NET02.4.Tests.csproj", "{24891C01-A35E-41BC-847A-07288834E9F2}"
EndProject
Global
	GlobalSection(SolutionConfigurationPlatforms) = preSolution
		Debug|Any CPU = Debug|Any CPU
		Release|Any CPU = Release|Any CPU
	EndGlobalSection
	GlobalSection(ProjectConfigurationPlatforms) = postSolution
		{62B16375-BA32-40DC-8693-0532566C5138}.Debug|Any CPU.ActiveCfg = Debug|Any CPU
		{62B16375-BA32-40DC-8693-0532566C5138}.Debug|Any CPU.Build.0 = Debug|Any CPU
		{62B16375-BA32-40DC-8693-0532566C5138}.Release|Any CPU.ActiveCfg = Release|Any CPU
		{62B16375-BA32-40DC-8693-0532566C5138}.Release|Any CPU.Build.0 = Release|Any CPU
		{24891C01-A35E-41BC-847A-07288834E9F2}.Debug|Any CPU.ActiveCfg = Debug|Any CPU
		{24891C01-A35E-41BC-847A-07288834E9F2}.Debug|Any CPU.Build.0 = Debug|Any CPU
		{24891C01-A35E-41BC-847A-07288834E9F2}.Release|Any CPU.ActiveCfg = Release|Any CPU
		{24891C01-A35E-41BC-847A-07288834E9F2}.Release|Any CPU.Build.0 = Release|Any CPU
	EndGlobalSection
	GlobalSection(SolutionProperties) = preSolution
		HideSolutionNode = FALSE
	EndGlobalSection
	GlobalSection(ExtensibilityGlobals) = postSolution
		SolutionGuid = {7FB004D3-B7BB-4E48-A328-EBE16A6738B3}
	EndGlobalSection
EndGlobal
