
Microsoft Visual Studio Solution File, Format Version 12.00
# Visual Studio Version 17
VisualStudioVersion = 17.7.34202.233
MinimumVisualStudioVersion = 10.0.40219.1
Project("{9A19103F-16F7-4668-BE54-9A1E7A4F7556}") = "XMLandJSON", "XMLandJSON.csproj", "{DBECED04-4509-4AB1-BCDE-16AA0559946B}"
EndProject
Project("{9A19103F-16F7-4668-BE54-9A1E7A4F7556}") = "XMLandJSONTests", "..\XMLandJSONTests\XMLandJSONTests.csproj", "{BFF29194-4EA9-4DD7-9333-D5FE6DECBBE8}"
EndProject
Project("{FAE04EC0-301F-11D3-BF4B-00C04F79EFBC}") = "ConfigHandlerLibraries", "..\ConfigHandlerLibraries\ConfigHandlerLibraries.csproj", "{F1F90E22-9892-4B40-8EAC-6D8171A03F14}"
EndProject
Global
	GlobalSection(SolutionConfigurationPlatforms) = preSolution
		Debug|Any CPU = Debug|Any CPU
		Release|Any CPU = Release|Any CPU
	EndGlobalSection
	GlobalSection(ProjectConfigurationPlatforms) = postSolution
		{DBECED04-4509-4AB1-BCDE-16AA0559946B}.Debug|Any CPU.ActiveCfg = Debug|Any CPU
		{DBECED04-4509-4AB1-BCDE-16AA0559946B}.Debug|Any CPU.Build.0 = Debug|Any CPU
		{DBECED04-4509-4AB1-BCDE-16AA0559946B}.Release|Any CPU.ActiveCfg = Release|Any CPU
		{DBECED04-4509-4AB1-BCDE-16AA0559946B}.Release|Any CPU.Build.0 = Release|Any CPU
		{BFF29194-4EA9-4DD7-9333-D5FE6DECBBE8}.Debug|Any CPU.ActiveCfg = Debug|Any CPU
		{BFF29194-4EA9-4DD7-9333-D5FE6DECBBE8}.Debug|Any CPU.Build.0 = Debug|Any CPU
		{BFF29194-4EA9-4DD7-9333-D5FE6DECBBE8}.Release|Any CPU.ActiveCfg = Release|Any CPU
		{BFF29194-4EA9-4DD7-9333-D5FE6DECBBE8}.Release|Any CPU.Build.0 = Release|Any CPU
		{F1F90E22-9892-4B40-8EAC-6D8171A03F14}.Debug|Any CPU.ActiveCfg = Debug|Any CPU
		{F1F90E22-9892-4B40-8EAC-6D8171A03F14}.Debug|Any CPU.Build.0 = Debug|Any CPU
		{F1F90E22-9892-4B40-8EAC-6D8171A03F14}.Release|Any CPU.ActiveCfg = Release|Any CPU
		{F1F90E22-9892-4B40-8EAC-6D8171A03F14}.Release|Any CPU.Build.0 = Release|Any CPU
	EndGlobalSection
	GlobalSection(SolutionProperties) = preSolution
		HideSolutionNode = FALSE
	EndGlobalSection
	GlobalSection(ExtensibilityGlobals) = postSolution
		SolutionGuid = {8F6F1D17-FF53-4E71-BB6A-7559048870BE}
	EndGlobalSection
EndGlobal
