
Microsoft Visual Studio Solution File, Format Version 12.00
# Visual Studio Version 17
VisualStudioVersion = 17.7.34302.85
MinimumVisualStudioVersion = 10.0.40219.1
Project("{9A19103F-16F7-4668-BE54-9A1E7A4F7556}") = "Assembly and Metadata", "Assembly and Metadata\Assembly and Metadata.csproj", "{2F506EAF-EE24-46A8-8BCD-5838FF78431A}"
EndProject
Project("{9A19103F-16F7-4668-BE54-9A1E7A4F7556}") = "Listener", "IListener\Listener.csproj", "{382A215A-54A2-4B1F-BC02-B5997B40517F}"
EndProject
Project("{9A19103F-16F7-4668-BE54-9A1E7A4F7556}") = "WordListeners", "WordListeners\WordListeners.csproj", "{97095575-33F7-494A-B28C-9E41D174F0D1}"
EndProject
Project("{9A19103F-16F7-4668-BE54-9A1E7A4F7556}") = "EventLogListeners", "EventLogListeners\EventLogListeners.csproj", "{67EAD1DE-595E-4413-A999-C12B4250F78A}"
EndProject
Project("{9A19103F-16F7-4668-BE54-9A1E7A4F7556}") = "TextListeners", "TextListeners\TextListeners.csproj", "{AC25E6C5-38DA-4C61-81B7-426CA9D33433}"
EndProject
Project("{9A19103F-16F7-4668-BE54-9A1E7A4F7556}") = "Assembly and Metadata.Tests", "Assembly and Metadata.Tests\Assembly and Metadata.Tests.csproj", "{DDACF5C2-E7FC-4775-9FB2-5AC72E830B04}"
EndProject
Global
	GlobalSection(SolutionConfigurationPlatforms) = preSolution
		Debug|Any CPU = Debug|Any CPU
		Release|Any CPU = Release|Any CPU
	EndGlobalSection
	GlobalSection(ProjectConfigurationPlatforms) = postSolution
		{2F506EAF-EE24-46A8-8BCD-5838FF78431A}.Debug|Any CPU.ActiveCfg = Debug|Any CPU
		{2F506EAF-EE24-46A8-8BCD-5838FF78431A}.Debug|Any CPU.Build.0 = Debug|Any CPU
		{2F506EAF-EE24-46A8-8BCD-5838FF78431A}.Release|Any CPU.ActiveCfg = Release|Any CPU
		{2F506EAF-EE24-46A8-8BCD-5838FF78431A}.Release|Any CPU.Build.0 = Release|Any CPU
		{382A215A-54A2-4B1F-BC02-B5997B40517F}.Debug|Any CPU.ActiveCfg = Debug|Any CPU
		{382A215A-54A2-4B1F-BC02-B5997B40517F}.Debug|Any CPU.Build.0 = Debug|Any CPU
		{382A215A-54A2-4B1F-BC02-B5997B40517F}.Release|Any CPU.ActiveCfg = Release|Any CPU
		{382A215A-54A2-4B1F-BC02-B5997B40517F}.Release|Any CPU.Build.0 = Release|Any CPU
		{97095575-33F7-494A-B28C-9E41D174F0D1}.Debug|Any CPU.ActiveCfg = Debug|Any CPU
		{97095575-33F7-494A-B28C-9E41D174F0D1}.Debug|Any CPU.Build.0 = Debug|Any CPU
		{97095575-33F7-494A-B28C-9E41D174F0D1}.Release|Any CPU.ActiveCfg = Release|Any CPU
		{97095575-33F7-494A-B28C-9E41D174F0D1}.Release|Any CPU.Build.0 = Release|Any CPU
		{67EAD1DE-595E-4413-A999-C12B4250F78A}.Debug|Any CPU.ActiveCfg = Debug|Any CPU
		{67EAD1DE-595E-4413-A999-C12B4250F78A}.Debug|Any CPU.Build.0 = Debug|Any CPU
		{67EAD1DE-595E-4413-A999-C12B4250F78A}.Release|Any CPU.ActiveCfg = Release|Any CPU
		{67EAD1DE-595E-4413-A999-C12B4250F78A}.Release|Any CPU.Build.0 = Release|Any CPU
		{AC25E6C5-38DA-4C61-81B7-426CA9D33433}.Debug|Any CPU.ActiveCfg = Debug|Any CPU
		{AC25E6C5-38DA-4C61-81B7-426CA9D33433}.Debug|Any CPU.Build.0 = Debug|Any CPU
		{AC25E6C5-38DA-4C61-81B7-426CA9D33433}.Release|Any CPU.ActiveCfg = Release|Any CPU
		{AC25E6C5-38DA-4C61-81B7-426CA9D33433}.Release|Any CPU.Build.0 = Release|Any CPU
		{DDACF5C2-E7FC-4775-9FB2-5AC72E830B04}.Debug|Any CPU.ActiveCfg = Debug|Any CPU
		{DDACF5C2-E7FC-4775-9FB2-5AC72E830B04}.Debug|Any CPU.Build.0 = Debug|Any CPU
		{DDACF5C2-E7FC-4775-9FB2-5AC72E830B04}.Release|Any CPU.ActiveCfg = Release|Any CPU
		{DDACF5C2-E7FC-4775-9FB2-5AC72E830B04}.Release|Any CPU.Build.0 = Release|Any CPU
	EndGlobalSection
	GlobalSection(SolutionProperties) = preSolution
		HideSolutionNode = FALSE
	EndGlobalSection
	GlobalSection(ExtensibilityGlobals) = postSolution
		SolutionGuid = {78F20037-3FEC-48B1-A4BB-CF97179C7E53}
	EndGlobalSection
EndGlobal
